<?xml version="1.0" encoding="utf-8"?>
<Project ToolsVersion="4.0" xmlns="http://schemas.microsoft.com/developer/msbuild/2003">
  <ItemGroup>
    <Filter Include="Resource Files">
      <UniqueIdentifier>{67DA6AB6-F800-4c08-8B7A-83BB121AAD01}</UniqueIdentifier>
      <Extensions>rc;ico;cur;bmp;dlg;rc2;rct;bin;rgs;gif;jpg;jpeg;jpe;resx;tiff;tif;png;wav;mfcribbon-ms</Extensions>
    </Filter>
    <Filter Include="Utilities">
      <UniqueIdentifier>{5c4237ee-0c2b-482d-abd2-61e206aa8eaf}</UniqueIdentifier>
    </Filter>
    <Filter Include="Components">
      <UniqueIdentifier>{db726b1b-9a9c-46ac-830c-506e3214cb10}</UniqueIdentifier>
    </Filter>
    <Filter Include="Systems">
      <UniqueIdentifier>{b3d87e24-51f8-4808-8665-33af6aa8b276}</UniqueIdentifier>
    </Filter>
    <Filter Include="States">
      <UniqueIdentifier>{be2b6ccb-9111-40d4-bee3-ed443611319c}</UniqueIdentifier>
    </Filter>
    <Filter Include="Managers">
      <UniqueIdentifier>{84bda9ce-8736-4e61-94fb-98bcbabf9a1f}</UniqueIdentifier>
    </Filter>
    <Filter Include="Main">
      <UniqueIdentifier>{3f3d3f4b-dafa-41f8-b450-7a66d78772ff}</UniqueIdentifier>
    </Filter>
    <Filter Include="Common">
      <UniqueIdentifier>{977b4d56-8af7-4dc0-a75b-59053a9b79c9}</UniqueIdentifier>
    </Filter>
    <Filter Include="ThirdParty">
      <UniqueIdentifier>{b32de696-b82a-428d-8d85-93e6733a8ee0}</UniqueIdentifier>
    </Filter>
    <Filter Include="ThirdParty\EntityX">
      <UniqueIdentifier>{71ead747-baca-4230-869d-bcfed8fd6488}</UniqueIdentifier>
    </Filter>
    <Filter Include="ThirdParty\EntityX\help">
      <UniqueIdentifier>{e1d97468-30d2-4f63-9cd5-4a8f015aa06d}</UniqueIdentifier>
    </Filter>
    <Filter Include="ThirdParty\EntityX\3rdParty">
      <UniqueIdentifier>{154116bc-210d-4434-add8-e8ff44894ff4}</UniqueIdentifier>
    </Filter>
    <Filter Include="ThirdParty\EntityX\deps">
      <UniqueIdentifier>{e0b306ed-e75e-437f-a353-a571b7834cf8}</UniqueIdentifier>
    </Filter>
    <Filter Include="ThirdParty\EntityX\tags">
      <UniqueIdentifier>{2dc62666-e554-4634-946d-dd894458b78c}</UniqueIdentifier>
    </Filter>
    <Filter Include="Configurations">
      <UniqueIdentifier>{295fbd23-ab6d-4546-a974-53f5e2d131a0}</UniqueIdentifier>
    </Filter>
    <Filter Include="Enumerations">
      <UniqueIdentifier>{cfa419b9-a76e-4ce6-9df6-b7b7b745a98a}</UniqueIdentifier>
    </Filter>
    <Filter Include="Events">
      <UniqueIdentifier>{36c89fa9-08d5-4737-a61b-fe92214d5487}</UniqueIdentifier>
    </Filter>
  </ItemGroup>
  <ItemGroup>
    <ClInclude Include="Source\Components\BaseComponent.h">
      <Filter>Components</Filter>
    </ClInclude>
    <ClInclude Include="Source\Components\Components.h">
      <Filter>Components</Filter>
    </ClInclude>
    <ClInclude Include="Source\Components\DebugComponent.h">
      <Filter>Components</Filter>
    </ClInclude>
    <ClInclude Include="Source\Components\InputComponent.h">
      <Filter>Components</Filter>
    </ClInclude>
    <ClInclude Include="Source\Components\TransformComponent.h">
      <Filter>Components</Filter>
    </ClInclude>
    <ClInclude Include="Source\Components\ComponentType.h">
      <Filter>Components</Filter>
    </ClInclude>
    <ClInclude Include="Source\Utilities\Color.h">
      <Filter>Utilities</Filter>
    </ClInclude>
    <ClInclude Include="Source\Utilities\Config.h">
      <Filter>Utilities</Filter>
    </ClInclude>
    <ClInclude Include="Source\Utilities\FPS.h">
      <Filter>Utilities</Filter>
    </ClInclude>
    <ClInclude Include="Source\Utilities\Mat3.h">
      <Filter>Utilities</Filter>
    </ClInclude>
    <ClInclude Include="Source\Utilities\Timer.h">
      <Filter>Utilities</Filter>
    </ClInclude>
    <ClInclude Include="Source\States\BaseGameState.h">
      <Filter>States</Filter>
    </ClInclude>
    <ClInclude Include="Source\States\MainMenuState.h">
      <Filter>States</Filter>
    </ClInclude>
    <ClInclude Include="Source\Utilities\EntityEvents.h">
      <Filter>Utilities</Filter>
    </ClInclude>
    <ClInclude Include="Source\Utilities\Mesh.h">
      <Filter>Utilities</Filter>
    </ClInclude>
    <ClInclude Include="Source\Utilities\Model.h">
      <Filter>Utilities</Filter>
    </ClInclude>
    <ClInclude Include="Source\Utilities\Object.h">
      <Filter>Utilities</Filter>
    </ClInclude>
    <ClInclude Include="Source\Utilities\OpenGL.h">
      <Filter>Utilities</Filter>
    </ClInclude>
    <ClInclude Include="Source\Utilities\Renderer.h">
      <Filter>Utilities</Filter>
    </ClInclude>
    <ClInclude Include="Source\Utilities\Texture.h">
      <Filter>Utilities</Filter>
    </ClInclude>
    <ClInclude Include="Source\Game.h">
      <Filter>Main</Filter>
    </ClInclude>
    <ClInclude Include="Source\Utilities\Utilities.h">
      <Filter>Utilities</Filter>
    </ClInclude>
    <ClInclude Include="Source\States\States.h">
      <Filter>States</Filter>
    </ClInclude>
    <ClInclude Include="Source\Components\MeshComponent.h">
      <Filter>Components</Filter>
    </ClInclude>
    <ClInclude Include="Source\Components\RenderComponent.h">
      <Filter>Components</Filter>
    </ClInclude>
    <ClInclude Include="Source\Components\CameraComponent.h">
      <Filter>Components</Filter>
    </ClInclude>
    <ClInclude Include="Source\Utilities\Asset.h">
      <Filter>Utilities</Filter>
    </ClInclude>
    <ClInclude Include="Source\Utilities\Surface.h">
      <Filter>Utilities</Filter>
    </ClInclude>
    <ClInclude Include="Source\Utilities\SDLHelper.h">
      <Filter>Utilities</Filter>
    </ClInclude>
    <ClInclude Include="Source\Utilities\RAIIHelper.h">
      <Filter>Utilities</Filter>
    </ClInclude>
    <ClInclude Include="Source\Common\Common.h">
      <Filter>Common</Filter>
    </ClInclude>
    <ClInclude Include="Source\Utilities\Matrix.h">
      <Filter>Utilities</Filter>
    </ClInclude>
    <ClInclude Include="Source\Utilities\MathUtil.h">
      <Filter>Utilities</Filter>
    </ClInclude>
    <ClInclude Include="Source\Utilities\Math.h">
      <Filter>Utilities</Filter>
    </ClInclude>
    <ClInclude Include="Source\Utilities\Vector2.h">
      <Filter>Utilities</Filter>
    </ClInclude>
    <ClInclude Include="Source\Utilities\Vector3.h">
      <Filter>Utilities</Filter>
    </ClInclude>
    <ClInclude Include="Source\Utilities\Vector4.h">
      <Filter>Utilities</Filter>
    </ClInclude>
    <ClInclude Include="Source\Utilities\Quaternion.h">
      <Filter>Utilities</Filter>
    </ClInclude>
    <ClInclude Include="Source\Utilities\SDLUtil.h">
      <Filter>Utilities</Filter>
    </ClInclude>
    <ClInclude Include="Source\Utilities\Singleton.h">
      <Filter>Utilities</Filter>
    </ClInclude>
    <ClInclude Include="Source\Utilities\NonCopyable.h">
      <Filter>Utilities</Filter>
    </ClInclude>
    <ClInclude Include="Source\ThirdParty\EntityX\config.h">
      <Filter>ThirdParty\EntityX</Filter>
    </ClInclude>
    <ClInclude Include="Source\ThirdParty\EntityX\Entity.h">
      <Filter>ThirdParty\EntityX</Filter>
    </ClInclude>
    <ClInclude Include="Source\ThirdParty\EntityX\entityx.h">
      <Filter>ThirdParty\EntityX</Filter>
    </ClInclude>
    <ClInclude Include="Source\ThirdParty\EntityX\Event.h">
      <Filter>ThirdParty\EntityX</Filter>
    </ClInclude>
    <ClInclude Include="Source\ThirdParty\EntityX\quick.h">
      <Filter>ThirdParty\EntityX</Filter>
    </ClInclude>
    <ClInclude Include="Source\ThirdParty\EntityX\System.h">
      <Filter>ThirdParty\EntityX</Filter>
    </ClInclude>
    <ClInclude Include="Source\ThirdParty\EntityX\help\NonCopyable.h">
      <Filter>ThirdParty\EntityX\help</Filter>
    </ClInclude>
    <ClInclude Include="Source\ThirdParty\EntityX\help\Pool.h">
      <Filter>ThirdParty\EntityX\help</Filter>
    </ClInclude>
    <ClInclude Include="Source\ThirdParty\EntityX\3rdparty\catch.hpp">
      <Filter>ThirdParty\EntityX\3rdParty</Filter>
    </ClInclude>
    <ClInclude Include="Source\ThirdParty\EntityX\3rdparty\simplesignal.h">
      <Filter>ThirdParty\EntityX\3rdParty</Filter>
    </ClInclude>
    <ClInclude Include="Source\ThirdParty\EntityX\deps\Dependencies.h">
      <Filter>ThirdParty\EntityX\deps</Filter>
    </ClInclude>
    <ClInclude Include="Source\ThirdParty\EntityX\tags\TagsComponent.h">
      <Filter>ThirdParty\EntityX\tags</Filter>
    </ClInclude>
    <ClInclude Include="Source\Utilities\Entity.h">
      <Filter>Utilities</Filter>
    </ClInclude>
    <ClInclude Include="Source\Utilities\System.h">
      <Filter>Utilities</Filter>
    </ClInclude>
    <ClInclude Include="Source\ThirdParty\EntityX\EntityXWrapper.h">
      <Filter>ThirdParty\EntityX</Filter>
    </ClInclude>
    <ClInclude Include="Source\Systems\DebugSystem.h">
      <Filter>Systems</Filter>
    </ClInclude>
    <ClInclude Include="Source\Systems\InputSystem.h">
      <Filter>Systems</Filter>
    </ClInclude>
    <ClInclude Include="Source\Systems\RenderSystem.h">
      <Filter>Systems</Filter>
    </ClInclude>
    <ClInclude Include="Source\Systems\TransformSystem.h">
      <Filter>Systems</Filter>
    </ClInclude>
    <ClInclude Include="Source\ThirdParty\EntityX\help\Timers.h">
      <Filter>ThirdParty\EntityX\help</Filter>
    </ClInclude>
    <ClInclude Include="Source\Utilities\Camera.h">
      <Filter>Utilities</Filter>
    </ClInclude>
    <ClInclude Include="Source\Enumerations\CameraProjection.h">
      <Filter>Enumerations</Filter>
    </ClInclude>
    <ClInclude Include="Source\Events\TransformEvents.h">
      <Filter>Events</Filter>
    </ClInclude>
    <ClInclude Include="Source\Utilities\String.h">
      <Filter>Utilities</Filter>
    </ClInclude>
    <ClInclude Include="Source\Systems\Systems.h">
      <Filter>Systems</Filter>
    </ClInclude>
    <ClInclude Include="Source\Events\InputEvents.h">
      <Filter>Events</Filter>
    </ClInclude>
    <ClInclude Include="Source\Events\Events.h">
      <Filter>Events</Filter>
    </ClInclude>
    <ClInclude Include="Source\ThirdParty\ThirdParties.h">
      <Filter>ThirdParty</Filter>
    </ClInclude>
    <ClInclude Include="Source\Events\WindowEvents.h">
      <Filter>Events</Filter>
    </ClInclude>
    <ClInclude Include="Source\Systems\CameraSystem.h">
      <Filter>Systems</Filter>
    </ClInclude>
  </ItemGroup>
  <ItemGroup>
    <ClCompile Include="Source\Utilities\Config.cpp">
      <Filter>Utilities</Filter>
    </ClCompile>
    <ClCompile Include="Source\Utilities\FPS.cpp">
      <Filter>Utilities</Filter>
    </ClCompile>
    <ClCompile Include="Source\Utilities\Timer.cpp">
      <Filter>Utilities</Filter>
    </ClCompile>
    <ClCompile Include="Source\States\MainMenuState.cpp">
      <Filter>States</Filter>
    </ClCompile>
    <ClCompile Include="Source\Utilities\Mesh.cpp">
      <Filter>Utilities</Filter>
    </ClCompile>
    <ClCompile Include="Source\Utilities\Model.cpp">
      <Filter>Utilities</Filter>
    </ClCompile>
    <ClCompile Include="Source\Utilities\OpenGL.cpp">
      <Filter>Utilities</Filter>
    </ClCompile>
    <ClCompile Include="Source\Utilities\Renderer.cpp">
      <Filter>Utilities</Filter>
    </ClCompile>
    <ClCompile Include="Source\Utilities\Texture.cpp">
      <Filter>Utilities</Filter>
    </ClCompile>
    <ClCompile Include="Source\main.cpp">
      <Filter>Main</Filter>
    </ClCompile>
    <ClCompile Include="Source\Game.cpp">
      <Filter>Main</Filter>
    </ClCompile>
    <ClCompile Include="Source\Utilities\Asset.cpp">
      <Filter>Utilities</Filter>
    </ClCompile>
    <ClCompile Include="Source\Utilities\Surface.cpp">
      <Filter>Utilities</Filter>
    </ClCompile>
    <ClCompile Include="Source\Common\Common.cpp">
      <Filter>Common</Filter>
    </ClCompile>
    <ClCompile Include="Source\Utilities\Matrix.cpp">
      <Filter>Utilities</Filter>
    </ClCompile>
    <ClCompile Include="Source\Utilities\Vector2.cpp">
      <Filter>Utilities</Filter>
    </ClCompile>
    <ClCompile Include="Source\Utilities\Vector3.cpp">
      <Filter>Utilities</Filter>
    </ClCompile>
    <ClCompile Include="Source\Utilities\Vector4.cpp">
      <Filter>Utilities</Filter>
    </ClCompile>
    <ClCompile Include="Source\Utilities\Quaternion.cpp">
      <Filter>Utilities</Filter>
    </ClCompile>
    <ClCompile Include="Source\Utilities\Color.cpp">
      <Filter>Utilities</Filter>
    </ClCompile>
    <ClCompile Include="Source\ThirdParty\EntityX\Entity.cc">
      <Filter>ThirdParty\EntityX</Filter>
    </ClCompile>
    <ClCompile Include="Source\ThirdParty\EntityX\Event.cc">
      <Filter>ThirdParty\EntityX</Filter>
    </ClCompile>
    <ClCompile Include="Source\ThirdParty\EntityX\System.cc">
      <Filter>ThirdParty\EntityX</Filter>
    </ClCompile>
    <ClCompile Include="Source\ThirdParty\EntityX\help\Pool.cc">
      <Filter>ThirdParty\EntityX\help</Filter>
    </ClCompile>
    <ClCompile Include="Source\Systems\DebugSystem.cpp">
      <Filter>Systems</Filter>
    </ClCompile>
    <ClCompile Include="Source\Systems\InputSystem.cpp">
      <Filter>Systems</Filter>
    </ClCompile>
    <ClCompile Include="Source\Systems\RenderSystem.cpp">
      <Filter>Systems</Filter>
    </ClCompile>
    <ClCompile Include="Source\Systems\TransformSystem.cpp">
      <Filter>Systems</Filter>
    </ClCompile>
    <ClCompile Include="Source\ThirdParty\EntityX\help\Timers.cc">
      <Filter>ThirdParty\EntityX\help</Filter>
    </ClCompile>
    <ClCompile Include="Source\Utilities\Camera.cpp">
      <Filter>Utilities</Filter>
    </ClCompile>
    <ClCompile Include="Source\Systems\CameraSystem.cpp">
      <Filter>Systems</Filter>
    </ClCompile>
  </ItemGroup>
  <ItemGroup>
    <Text Include="Config.txt">
      <Filter>Configurations</Filter>
    </Text>
  </ItemGroup>
</Project>