<?xml version="1.0" encoding="utf-8"?>
<Project ToolsVersion="4.0" xmlns="http://schemas.microsoft.com/developer/msbuild/2003">
  <ItemGroup>
    <Filter Include="Resource Files">
      <UniqueIdentifier>{67DA6AB6-F800-4c08-8B7A-83BB121AAD01}</UniqueIdentifier>
      <Extensions>rc;ico;cur;bmp;dlg;rc2;rct;bin;rgs;gif;jpg;jpeg;jpe;resx;tiff;tif;png;wav;mfcribbon-ms</Extensions>
    </Filter>
    <Filter Include="Utilities">
      <UniqueIdentifier>{5c4237ee-0c2b-482d-abd2-61e206aa8eaf}</UniqueIdentifier>
    </Filter>
    <Filter Include="Components">
      <UniqueIdentifier>{db726b1b-9a9c-46ac-830c-506e3214cb10}</UniqueIdentifier>
    </Filter>
    <Filter Include="Systems">
      <UniqueIdentifier>{b3d87e24-51f8-4808-8665-33af6aa8b276}</UniqueIdentifier>
    </Filter>
    <Filter Include="States">
      <UniqueIdentifier>{be2b6ccb-9111-40d4-bee3-ed443611319c}</UniqueIdentifier>
    </Filter>
    <Filter Include="Managers">
      <UniqueIdentifier>{84bda9ce-8736-4e61-94fb-98bcbabf9a1f}</UniqueIdentifier>
    </Filter>
    <Filter Include="Main">
      <UniqueIdentifier>{3f3d3f4b-dafa-41f8-b450-7a66d78772ff}</UniqueIdentifier>
    </Filter>
    <Filter Include="Common">
      <UniqueIdentifier>{977b4d56-8af7-4dc0-a75b-59053a9b79c9}</UniqueIdentifier>
    </Filter>
  </ItemGroup>
  <ItemGroup>
    <ClInclude Include="Source\Components\BaseComponent.h">
      <Filter>Components</Filter>
    </ClInclude>
    <ClInclude Include="Source\Components\Components.h">
      <Filter>Components</Filter>
    </ClInclude>
    <ClInclude Include="Source\Components\DebugComponent.h">
      <Filter>Components</Filter>
    </ClInclude>
    <ClInclude Include="Source\Components\InputComponent.h">
      <Filter>Components</Filter>
    </ClInclude>
    <ClInclude Include="Source\Components\TransformComponent.h">
      <Filter>Components</Filter>
    </ClInclude>
    <ClInclude Include="Source\Components\ComponentType.h">
      <Filter>Components</Filter>
    </ClInclude>
    <ClInclude Include="Source\Utilities\Camera.h">
      <Filter>Utilities</Filter>
    </ClInclude>
    <ClInclude Include="Source\Utilities\Color.h">
      <Filter>Utilities</Filter>
    </ClInclude>
    <ClInclude Include="Source\Utilities\Config.h">
      <Filter>Utilities</Filter>
    </ClInclude>
    <ClInclude Include="Source\Utilities\FPS.h">
      <Filter>Utilities</Filter>
    </ClInclude>
    <ClInclude Include="Source\Utilities\Mat3.h">
      <Filter>Utilities</Filter>
    </ClInclude>
    <ClInclude Include="Source\Utilities\Timer.h">
      <Filter>Utilities</Filter>
    </ClInclude>
    <ClInclude Include="Source\Systems\DebugSystem.h">
      <Filter>Systems</Filter>
    </ClInclude>
    <ClInclude Include="Source\Systems\InputSystem.h">
      <Filter>Systems</Filter>
    </ClInclude>
    <ClInclude Include="Source\Systems\Systems.h">
      <Filter>Systems</Filter>
    </ClInclude>
    <ClInclude Include="Source\Systems\TransformSystem.h">
      <Filter>Systems</Filter>
    </ClInclude>
    <ClInclude Include="Source\Managers\ComponentManager.h">
      <Filter>Managers</Filter>
    </ClInclude>
    <ClInclude Include="Source\Managers\EntityManager.h">
      <Filter>Managers</Filter>
    </ClInclude>
    <ClInclude Include="Source\Managers\EventManager.h">
      <Filter>Managers</Filter>
    </ClInclude>
    <ClInclude Include="Source\Managers\GameStateManager.h">
      <Filter>Managers</Filter>
    </ClInclude>
    <ClInclude Include="Source\Managers\ModelManager.h">
      <Filter>Managers</Filter>
    </ClInclude>
    <ClInclude Include="Source\Managers\TextureManager.h">
      <Filter>Managers</Filter>
    </ClInclude>
    <ClInclude Include="Source\States\BaseGameState.h">
      <Filter>States</Filter>
    </ClInclude>
    <ClInclude Include="Source\States\MainMenuState.h">
      <Filter>States</Filter>
    </ClInclude>
    <ClInclude Include="Source\Utilities\Entity.h">
      <Filter>Utilities</Filter>
    </ClInclude>
    <ClInclude Include="Source\Utilities\EntityEvents.h">
      <Filter>Utilities</Filter>
    </ClInclude>
    <ClInclude Include="Source\Utilities\Event.h">
      <Filter>Utilities</Filter>
    </ClInclude>
    <ClInclude Include="Source\Utilities\Mesh.h">
      <Filter>Utilities</Filter>
    </ClInclude>
    <ClInclude Include="Source\Utilities\Model.h">
      <Filter>Utilities</Filter>
    </ClInclude>
    <ClInclude Include="Source\Utilities\Object.h">
      <Filter>Utilities</Filter>
    </ClInclude>
    <ClInclude Include="Source\Utilities\OpenGL.h">
      <Filter>Utilities</Filter>
    </ClInclude>
    <ClInclude Include="Source\Utilities\Renderer.h">
      <Filter>Utilities</Filter>
    </ClInclude>
    <ClInclude Include="Source\Utilities\Texture.h">
      <Filter>Utilities</Filter>
    </ClInclude>
    <ClInclude Include="Source\Systems\EntityProcessingSystem.h">
      <Filter>Systems</Filter>
    </ClInclude>
    <ClInclude Include="Source\Systems\EntitySystem.h">
      <Filter>Systems</Filter>
    </ClInclude>
    <ClInclude Include="Source\Game.h">
      <Filter>Main</Filter>
    </ClInclude>
    <ClInclude Include="Source\Managers\Managers.h">
      <Filter>Managers</Filter>
    </ClInclude>
    <ClInclude Include="Source\Utilities\Utilities.h">
      <Filter>Utilities</Filter>
    </ClInclude>
    <ClInclude Include="Source\States\States.h">
      <Filter>States</Filter>
    </ClInclude>
    <ClInclude Include="Source\Managers\InputManager.h">
      <Filter>Managers</Filter>
    </ClInclude>
    <ClInclude Include="Source\Components\MeshComponent.h">
      <Filter>Components</Filter>
    </ClInclude>
    <ClInclude Include="Source\Managers\MeshManager.h">
      <Filter>Managers</Filter>
    </ClInclude>
    <ClInclude Include="Source\Components\RenderComponent.h">
      <Filter>Components</Filter>
    </ClInclude>
    <ClInclude Include="Source\Systems\RenderSystem.h">
      <Filter>Systems</Filter>
    </ClInclude>
    <ClInclude Include="Source\Components\CameraComponent.h">
      <Filter>Components</Filter>
    </ClInclude>
    <ClInclude Include="Source\Managers\CameraManager.h">
      <Filter>Managers</Filter>
    </ClInclude>
    <ClInclude Include="Source\Managers\BaseManager.h">
      <Filter>Managers</Filter>
    </ClInclude>
    <ClInclude Include="Source\Utilities\Asset.h">
      <Filter>Utilities</Filter>
    </ClInclude>
    <ClInclude Include="Source\Utilities\Surface.h">
      <Filter>Utilities</Filter>
    </ClInclude>
    <ClInclude Include="Source\Utilities\SDLHelper.h">
      <Filter>Utilities</Filter>
    </ClInclude>
    <ClInclude Include="Source\Utilities\RAIIHelper.h">
      <Filter>Utilities</Filter>
    </ClInclude>
    <ClInclude Include="Source\Common\Common.h">
      <Filter>Common</Filter>
    </ClInclude>
    <ClInclude Include="Source\Utilities\Matrix.h">
      <Filter>Utilities</Filter>
    </ClInclude>
    <ClInclude Include="Source\Utilities\MathUtil.h">
      <Filter>Utilities</Filter>
    </ClInclude>
    <ClInclude Include="Source\Utilities\Math.h">
      <Filter>Utilities</Filter>
    </ClInclude>
    <ClInclude Include="Source\Utilities\Vector2.h">
      <Filter>Utilities</Filter>
    </ClInclude>
    <ClInclude Include="Source\Utilities\Vector3.h">
      <Filter>Utilities</Filter>
    </ClInclude>
    <ClInclude Include="Source\Utilities\Vector4.h">
      <Filter>Utilities</Filter>
    </ClInclude>
    <ClInclude Include="Source\Utilities\Quaternion.h">
      <Filter>Utilities</Filter>
    </ClInclude>
  </ItemGroup>
  <ItemGroup>
    <ClCompile Include="Source\Utilities\Camera.cpp">
      <Filter>Utilities</Filter>
    </ClCompile>
    <ClCompile Include="Source\Utilities\Config.cpp">
      <Filter>Utilities</Filter>
    </ClCompile>
    <ClCompile Include="Source\Utilities\FPS.cpp">
      <Filter>Utilities</Filter>
    </ClCompile>
    <ClCompile Include="Source\Utilities\Timer.cpp">
      <Filter>Utilities</Filter>
    </ClCompile>
    <ClCompile Include="Source\Systems\DebugSystem.cpp">
      <Filter>Systems</Filter>
    </ClCompile>
    <ClCompile Include="Source\Systems\InputSystem.cpp">
      <Filter>Systems</Filter>
    </ClCompile>
    <ClCompile Include="Source\Systems\TransformSystem.cpp">
      <Filter>Systems</Filter>
    </ClCompile>
    <ClCompile Include="Source\Managers\EntityManager.cpp">
      <Filter>Managers</Filter>
    </ClCompile>
    <ClCompile Include="Source\Managers\EventManager.cpp">
      <Filter>Managers</Filter>
    </ClCompile>
    <ClCompile Include="Source\Managers\GameStateManager.cpp">
      <Filter>Managers</Filter>
    </ClCompile>
    <ClCompile Include="Source\Managers\ModelManager.cpp">
      <Filter>Managers</Filter>
    </ClCompile>
    <ClCompile Include="Source\Managers\TextureManager.cpp">
      <Filter>Managers</Filter>
    </ClCompile>
    <ClCompile Include="Source\States\MainMenuState.cpp">
      <Filter>States</Filter>
    </ClCompile>
    <ClCompile Include="Source\Utilities\Mesh.cpp">
      <Filter>Utilities</Filter>
    </ClCompile>
    <ClCompile Include="Source\Utilities\Model.cpp">
      <Filter>Utilities</Filter>
    </ClCompile>
    <ClCompile Include="Source\Utilities\OpenGL.cpp">
      <Filter>Utilities</Filter>
    </ClCompile>
    <ClCompile Include="Source\Utilities\Renderer.cpp">
      <Filter>Utilities</Filter>
    </ClCompile>
    <ClCompile Include="Source\Utilities\Texture.cpp">
      <Filter>Utilities</Filter>
    </ClCompile>
    <ClCompile Include="Source\Systems\EntityProcessingSystem.cpp">
      <Filter>Systems</Filter>
    </ClCompile>
    <ClCompile Include="Source\Systems\EntitySystem.cpp">
      <Filter>Systems</Filter>
    </ClCompile>
    <ClCompile Include="Source\main.cpp">
      <Filter>Main</Filter>
    </ClCompile>
    <ClCompile Include="Source\Game.cpp">
      <Filter>Main</Filter>
    </ClCompile>
    <ClCompile Include="Source\Managers\InputManager.cpp">
      <Filter>Managers</Filter>
    </ClCompile>
    <ClCompile Include="Source\Managers\MeshManager.cpp">
      <Filter>Managers</Filter>
    </ClCompile>
    <ClCompile Include="Source\Systems\RenderSystem.cpp">
      <Filter>Systems</Filter>
    </ClCompile>
    <ClCompile Include="Source\Managers\CameraManager.cpp">
      <Filter>Managers</Filter>
    </ClCompile>
    <ClCompile Include="Source\Utilities\Asset.cpp">
      <Filter>Utilities</Filter>
    </ClCompile>
    <ClCompile Include="Source\Utilities\Surface.cpp">
      <Filter>Utilities</Filter>
    </ClCompile>
    <ClCompile Include="Source\Common\Common.cpp">
      <Filter>Common</Filter>
    </ClCompile>
    <ClCompile Include="Source\Utilities\Matrix.cpp">
      <Filter>Utilities</Filter>
    </ClCompile>
    <ClCompile Include="Source\Utilities\Vector2.cpp">
      <Filter>Utilities</Filter>
    </ClCompile>
    <ClCompile Include="Source\Utilities\Vector3.cpp">
      <Filter>Utilities</Filter>
    </ClCompile>
    <ClCompile Include="Source\Utilities\Vector4.cpp">
      <Filter>Utilities</Filter>
    </ClCompile>
    <ClCompile Include="Source\Utilities\Quaternion.cpp">
      <Filter>Utilities</Filter>
    </ClCompile>
  </ItemGroup>
</Project>